# THIS IS AN AUTOGENERATED FILE. DO NOT EDIT THIS FILE DIRECTLY.
# yarn lockfile v1


chillout@^5.0.0:
  version "5.0.0"
  resolved "https://registry.yarnpkg.com/chillout/-/chillout-5.0.0.tgz#ce7def0671c207d649c9b1f35f5f2245b94b0065"
  integrity sha512-xCyFUOrkOVBSaZ1pKXUZcrKhMsPkWh4jWPa9rp4zE+wHE5h4NTO7z8K5rLhV989dtQatDOoMhTe9Vi2S96QEhQ==
